// !$*UTF8*$!
{
	archiveVersion = 1;
	classes = {
	};
	objectVersion = 50;
	objects = {

/* Begin PBXBuildFile section */
		6DBF72DB2549918C00D36021 /* AppDelegate.swift in Sources */ = {isa = PBXBuildFile; fileRef = 6DBF72DA2549918C00D36021 /* AppDelegate.swift */; };
		6DBF72DD2549918C00D36021 /* SceneDelegate.swift in Sources */ = {isa = PBXBuildFile; fileRef = 6DBF72DC2549918C00D36021 /* SceneDelegate.swift */; };
		6DBF72DF2549918C00D36021 /* ViewController.swift in Sources */ = {isa = PBXBuildFile; fileRef = 6DBF72DE2549918C00D36021 /* ViewController.swift */; };
		6DBF72E22549918C00D36021 /* Main.storyboard in Resources */ = {isa = PBXBuildFile; fileRef = 6DBF72E02549918C00D36021 /* Main.storyboard */; };
		6DBF72E52549918C00D36021 /* NewOne.xcdatamodeld in Sources */ = {isa = PBXBuildFile; fileRef = 6DBF72E32549918C00D36021 /* NewOne.xcdatamodeld */; };
		6DBF72E72549918D00D36021 /* Assets.xcassets in Resources */ = {isa = PBXBuildFile; fileRef = 6DBF72E62549918D00D36021 /* Assets.xcassets */; };
		6DBF72EA2549918D00D36021 /* LaunchScreen.storyboard in Resources */ = {isa = PBXBuildFile; fileRef = 6DBF72E82549918D00D36021 /* LaunchScreen.storyboard */; };
		6DBF72F52549918D00D36021 /* NewOneTests.swift in Sources */ = {isa = PBXBuildFile; fileRef = 6DBF72F42549918D00D36021 /* NewOneTests.swift */; };
		6DBF73002549918D00D36021 /* NewOneUITests.swift in Sources */ = {isa = PBXBuildFile; fileRef = 6DBF72FF2549918D00D36021 /* NewOneUITests.swift */; };
/* End PBXBuildFile section */

/* Begin PBXContainerItemProxy section */
		6DBF72F12549918D00D36021 /* PBXContainerItemProxy */ = {
			isa = PBXContainerItemProxy;
			containerPortal = 6DBF72CF2549918B00D36021 /* Project object */;
			proxyType = 1;
			remoteGlobalIDString = 6DBF72D62549918B00D36021;
			remoteInfo = NewOne;
		};
		6DBF72FC2549918D00D36021 /* PBXContainerItemProxy */ = {
			isa = PBXContainerItemProxy;
			containerPortal = 6DBF72CF2549918B00D36021 /* Project object */;
			proxyType = 1;
			remoteGlobalIDString = 6DBF72D62549918B00D36021;
			remoteInfo = NewOne;
		};
/* End PBXContainerItemProxy section */

/* Begin PBXFileReference section */
		6DBF72D72549918C00D36021 /* NewOne.app */ = {isa = PBXFileReference; explicitFileType = wrapper.application; includeInIndex = 0; path = NewOne.app; sourceTree = BUILT_PRODUCTS_DIR; };
		6DBF72DA2549918C00D36021 /* AppDelegate.swift */ = {isa = PBXFileReference; lastKnownFileType = sourcecode.swift; path = AppDelegate.swift; sourceTree = "<group>"; };
		6DBF72DC2549918C00D36021 /* SceneDelegate.swift */ = {isa = PBXFileReference; lastKnownFileType = sourcecode.swift; path = SceneDelegate.swift; sourceTree = "<group>"; };
		6DBF72DE2549918C00D36021 /* ViewController.swift */ = {isa = PBXFileReference; lastKnownFileType = sourcecode.swift; path = ViewController.swift; sourceTree = "<group>"; };
		6DBF72E12549918C00D36021 /* Base */ = {isa = PBXFileReference; lastKnownFileType = file.storyboard; name = Base; path = Base.lproj/Main.storyboard; sourceTree = "<group>"; };
		6DBF72E42549918C00D36021 /* NewOne.xcdatamodel */ = {isa = PBXFileReference; lastKnownFileType = wrapper.xcdatamodel; path = NewOne.xcdatamodel; sourceTree = "<group>"; };
		6DBF72E62549918D00D36021 /* Assets.xcassets */ = {isa = PBXFileReference; lastKnownFileType = folder.assetcatalog; path = Assets.xcassets; sourceTree = "<group>"; };
		6DBF72E92549918D00D36021 /* Base */ = {isa = PBXFileReference; lastKnownFileType = file.storyboard; name = Base; path = Base.lproj/LaunchScreen.storyboard; sourceTree = "<group>"; };
		6DBF72EB2549918D00D36021 /* Info.plist */ = {isa = PBXFileReference; lastKnownFileType = text.plist.xml; path = Info.plist; sourceTree = "<group>"; };
		6DBF72F02549918D00D36021 /* NewOneTests.xctest */ = {isa = PBXFileReference; explicitFileType = wrapper.cfbundle; includeInIndex = 0; path = NewOneTests.xctest; sourceTree = BUILT_PRODUCTS_DIR; };
		6DBF72F42549918D00D36021 /* NewOneTests.swift */ = {isa = PBXFileReference; lastKnownFileType = sourcecode.swift; path = NewOneTests.swift; sourceTree = "<group>"; };
		6DBF72F62549918D00D36021 /* Info.plist */ = {isa = PBXFileReference; lastKnownFileType = text.plist.xml; path = Info.plist; sourceTree = "<group>"; };
		6DBF72FB2549918D00D36021 /* NewOneUITests.xctest */ = {isa = PBXFileReference; explicitFileType = wrapper.cfbundle; includeInIndex = 0; path = NewOneUITests.xctest; sourceTree = BUILT_PRODUCTS_DIR; };
		6DBF72FF2549918D00D36021 /* NewOneUITests.swift */ = {isa = PBXFileReference; lastKnownFileType = sourcecode.swift; path = NewOneUITests.swift; sourceTree = "<group>"; };
		6DBF73012549918D00D36021 /* Info.plist */ = {isa = PBXFileReference; lastKnownFileType = text.plist.xml; path = Info.plist; sourceTree = "<group>"; };
/* End PBXFileReference section */

/* Begin PBXFrameworksBuildPhase section */
		6DBF72D42549918B00D36021 /* Frameworks */ = {
			isa = PBXFrameworksBuildPhase;
			buildActionMask = 2147483647;
			files = (
			);
			runOnlyForDeploymentPostprocessing = 0;
		};
		6DBF72ED2549918D00D36021 /* Frameworks */ = {
			isa = PBXFrameworksBuildPhase;
			buildActionMask = 2147483647;
			files = (
			);
			runOnlyForDeploymentPostprocessing = 0;
		};
		6DBF72F82549918D00D36021 /* Frameworks */ = {
			isa = PBXFrameworksBuildPhase;
			buildActionMask = 2147483647;
			files = (
			);
			runOnlyForDeploymentPostprocessing = 0;
		};
/* End PBXFrameworksBuildPhase section */

/* Begin PBXGroup section */
		6DBF72CE2549918B00D36021 = {
			isa = PBXGroup;
			children = (
				6DBF72D92549918C00D36021 /* NewOne */,
				6DBF72F32549918D00D36021 /* NewOneTests */,
				6DBF72FE2549918D00D36021 /* NewOneUITests */,
				6DBF72D82549918C00D36021 /* Products */,
			);
			sourceTree = "<group>";
		};
		6DBF72D82549918C00D36021 /* Products */ = {
			isa = PBXGroup;
			children = (
				6DBF72D72549918C00D36021 /* NewOne.app */,
				6DBF72F02549918D00D36021 /* NewOneTests.xctest */,
				6DBF72FB2549918D00D36021 /* NewOneUITests.xctest */,
			);
			name = Products;
			sourceTree = "<group>";
		};
		6DBF72D92549918C00D36021 /* NewOne */ = {
			isa = PBXGroup;
			children = (
				6DBF72DA2549918C00D36021 /* AppDelegate.swift */,
				6DBF72DC2549918C00D36021 /* SceneDelegate.swift */,
				6DBF72DE2549918C00D36021 /* ViewController.swift */,
				6DBF72E02549918C00D36021 /* Main.storyboard */,
				6DBF72E62549918D00D36021 /* Assets.xcassets */,
				6DBF72E82549918D00D36021 /* LaunchScreen.storyboard */,
				6DBF72EB2549918D00D36021 /* Info.plist */,
				6DBF72E32549918C00D36021 /* NewOne.xcdatamodeld */,
			);
			path = NewOne;
			sourceTree = "<group>";
		};
		6DBF72F32549918D00D36021 /* NewOneTests */ = {
			isa = PBXGroup;
			children = (
				6DBF72F42549918D00D36021 /* NewOneTests.swift */,
				6DBF72F62549918D00D36021 /* Info.plist */,
			);
			path = NewOneTests;
			sourceTree = "<group>";
		};
		6DBF72FE2549918D00D36021 /* NewOneUITests */ = {
			isa = PBXGroup;
			children = (
				6DBF72FF2549918D00D36021 /* NewOneUITests.swift */,
				6DBF73012549918D00D36021 /* Info.plist */,
			);
			path = NewOneUITests;
			sourceTree = "<group>";
		};
/* End PBXGroup section */

/* Begin PBXNativeTarget section */
		6DBF72D62549918B00D36021 /* NewOne */ = {
			isa = PBXNativeTarget;
			buildConfigurationList = 6DBF73042549918D00D36021 /* Build configuration list for PBXNativeTarget "NewOne" */;
			buildPhases = (
				6DBF72D32549918B00D36021 /* Sources */,
				6DBF72D42549918B00D36021 /* Frameworks */,
				6DBF72D52549918B00D36021 /* Resources */,
			);
			buildRules = (
			);
			dependencies = (
			);
			name = NewOne;
			productName = NewOne;
			productReference = 6DBF72D72549918C00D36021 /* NewOne.app */;
			productType = "com.apple.product-type.application";
		};
		6DBF72EF2549918D00D36021 /* NewOneTests */ = {
			isa = PBXNativeTarget;
			buildConfigurationList = 6DBF73072549918D00D36021 /* Build configuration list for PBXNativeTarget "NewOneTests" */;
			buildPhases = (
				6DBF72EC2549918D00D36021 /* Sources */,
				6DBF72ED2549918D00D36021 /* Frameworks */,
				6DBF72EE2549918D00D36021 /* Resources */,
			);
			buildRules = (
			);
			dependencies = (
				6DBF72F22549918D00D36021 /* PBXTargetDependency */,
			);
			name = NewOneTests;
			productName = NewOneTests;
			productReference = 6DBF72F02549918D00D36021 /* NewOneTests.xctest */;
			productType = "com.apple.product-type.bundle.unit-test";
		};
		6DBF72FA2549918D00D36021 /* NewOneUITests */ = {
			isa = PBXNativeTarget;
			buildConfigurationList = 6DBF730A2549918D00D36021 /* Build configuration list for PBXNativeTarget "NewOneUITests" */;
			buildPhases = (
				6DBF72F72549918D00D36021 /* Sources */,
				6DBF72F82549918D00D36021 /* Frameworks */,
				6DBF72F92549918D00D36021 /* Resources */,
			);
			buildRules = (
			);
			dependencies = (
				6DBF72FD2549918D00D36021 /* PBXTargetDependency */,
			);
			name = NewOneUITests;
			productName = NewOneUITests;
			productReference = 6DBF72FB2549918D00D36021 /* NewOneUITests.xctest */;
			productType = "com.apple.product-type.bundle.ui-testing";
		};
/* End PBXNativeTarget section */

/* Begin PBXProject section */
		6DBF72CF2549918B00D36021 /* Project object */ = {
			isa = PBXProject;
			attributes = {
				LastSwiftUpdateCheck = 1220;
				LastUpgradeCheck = 1220;
				TargetAttributes = {
					6DBF72D62549918B00D36021 = {
						CreatedOnToolsVersion = 12.2;
					};
					6DBF72EF2549918D00D36021 = {
						CreatedOnToolsVersion = 12.2;
						TestTargetID = 6DBF72D62549918B00D36021;
					};
					6DBF72FA2549918D00D36021 = {
						CreatedOnToolsVersion = 12.2;
						TestTargetID = 6DBF72D62549918B00D36021;
					};
				};
			};
			buildConfigurationList = 6DBF72D22549918B00D36021 /* Build configuration list for PBXProject "NewOne" */;
			compatibilityVersion = "Xcode 9.3";
			developmentRegion = en;
			hasScannedForEncodings = 0;
			knownRegions = (
				en,
				Base,
			);
			mainGroup = 6DBF72CE2549918B00D36021;
			productRefGroup = 6DBF72D82549918C00D36021 /* Products */;
			projectDirPath = "";
			projectRoot = "";
			targets = (
				6DBF72D62549918B00D36021 /* NewOne */,
				6DBF72EF2549918D00D36021 /* NewOneTests */,
				6DBF72FA2549918D00D36021 /* NewOneUITests */,
			);
		};
/* End PBXProject section */

/* Begin PBXResourcesBuildPhase section */
		6DBF72D52549918B00D36021 /* Resources */ = {
			isa = PBXResourcesBuildPhase;
			buildActionMask = 2147483647;
			files = (
				6DBF72EA2549918D00D36021 /* LaunchScreen.storyboard in Resources */,
				6DBF72E72549918D00D36021 /* Assets.xcassets in Resources */,
				6DBF72E22549918C00D36021 /* Main.storyboard in Resources */,
			);
			runOnlyForDeploymentPostprocessing = 0;
		};
		6DBF72EE2549918D00D36021 /* Resources */ = {
			isa = PBXResourcesBuildPhase;
			buildActionMask = 2147483647;
			files = (
			);
			runOnlyForDeploymentPostprocessing = 0;
		};
		6DBF72F92549918D00D36021 /* Resources */ = {
			isa = PBXResourcesBuildPhase;
			buildActionMask = 2147483647;
			files = (
			);
			runOnlyForDeploymentPostprocessing = 0;
		};
/* End PBXResourcesBuildPhase section */

/* Begin PBXSourcesBuildPhase section */
		6DBF72D32549918B00D36021 /* Sources */ = {
			isa = PBXSourcesBuildPhase;
			buildActionMask = 2147483647;
			files = (
				6DBF72DF2549918C00D36021 /* ViewController.swift in Sources */,
				6DBF72DB2549918C00D36021 /* AppDelegate.swift in Sources */,
				6DBF72DD2549918C00D36021 /* SceneDelegate.swift in Sources */,
				6DBF72E52549918C00D36021 /* NewOne.xcdatamodeld in Sources */,
			);
			runOnlyForDeploymentPostprocessing = 0;
		};
		6DBF72EC2549918D00D36021 /* Sources */ = {
			isa = PBXSourcesBuildPhase;
			buildActionMask = 2147483647;
			files = (
				6DBF72F52549918D00D36021 /* NewOneTests.swift in Sources */,
			);
			runOnlyForDeploymentPostprocessing = 0;
		};
		6DBF72F72549918D00D36021 /* Sources */ = {
			isa = PBXSourcesBuildPhase;
			buildActionMask = 2147483647;
			files = (
				6DBF73002549918D00D36021 /* NewOneUITests.swift in Sources */,
			);
			runOnlyForDeploymentPostprocessing = 0;
		};
/* End PBXSourcesBuildPhase section */

/* Begin PBXTargetDependency section */
		6DBF72F22549918D00D36021 /* PBXTargetDependency */ = {
			isa = PBXTargetDependency;
			target = 6DBF72D62549918B00D36021 /* NewOne */;
			targetProxy = 6DBF72F12549918D00D36021 /* PBXContainerItemProxy */;
		};
		6DBF72FD2549918D00D36021 /* PBXTargetDependency */ = {
			isa = PBXTargetDependency;
			target = 6DBF72D62549918B00D36021 /* NewOne */;
			targetProxy = 6DBF72FC2549918D00D36021 /* PBXContainerItemProxy */;
		};
/* End PBXTargetDependency section */

/* Begin PBXVariantGroup section */
		6DBF72E02549918C00D36021 /* Main.storyboard */ = {
			isa = PBXVariantGroup;
			children = (
				6DBF72E12549918C00D36021 /* Base */,
			);
			name = Main.storyboard;
			sourceTree = "<group>";
		};
		6DBF72E82549918D00D36021 /* LaunchScreen.storyboard */ = {
			isa = PBXVariantGroup;
			children = (
				6DBF72E92549918D00D36021 /* Base */,
			);
			name = LaunchScreen.storyboard;
			sourceTree = "<group>";
		};
/* End PBXVariantGroup section */

/* Begin XCBuildConfiguration section */
		6DBF73022549918D00D36021 /* Debug */ = {
			isa = XCBuildConfiguration;
			buildSettings = {
				ALWAYS_SEARCH_USER_PATHS = NO;
				CLANG_ANALYZER_NONNULL = YES;
				CLANG_ANALYZER_NUMBER_OBJECT_CONVERSION = YES_AGGRESSIVE;
				CLANG_CXX_LANGUAGE_STANDARD = "gnu++14";
				CLANG_CXX_LIBRARY = "libc++";
				CLANG_ENABLE_MODULES = YES;
				CLANG_ENABLE_OBJC_ARC = YES;
				CLANG_ENABLE_OBJC_WEAK = YES;
				CLANG_WARN_BLOCK_CAPTURE_AUTORELEASING = YES;
				CLANG_WARN_BOOL_CONVERSION = YES;
				CLANG_WARN_COMMA = YES;
				CLANG_WARN_CONSTANT_CONVERSION = YES;
				CLANG_WARN_DEPRECATED_OBJC_IMPLEMENTATIONS = YES;
				CLANG_WARN_DIRECT_OBJC_ISA_USAGE = YES_ERROR;
				CLANG_WARN_DOCUMENTATION_COMMENTS = YES;
				CLANG_WARN_EMPTY_BODY = YES;
				CLANG_WARN_ENUM_CONVERSION = YES;
				CLANG_WARN_INFINITE_RECURSION = YES;
				CLANG_WARN_INT_CONVERSION = YES;
				CLANG_WARN_NON_LITERAL_NULL_CONVERSION = YES;
				CLANG_WARN_OBJC_IMPLICIT_RETAIN_SELF = YES;
				CLANG_WARN_OBJC_LITERAL_CONVERSION = YES;
				CLANG_WARN_OBJC_ROOT_CLASS = YES_ERROR;
				CLANG_WARN_QUOTED_INCLUDE_IN_FRAMEWORK_HEADER = YES;
				CLANG_WARN_RANGE_LOOP_ANALYSIS = YES;
				CLANG_WARN_STRICT_PROTOTYPES = YES;
				CLANG_WARN_SUSPICIOUS_MOVE = YES;
				CLANG_WARN_UNGUARDED_AVAILABILITY = YES_AGGRESSIVE;
				CLANG_WARN_UNREACHABLE_CODE = YES;
				CLANG_WARN__DUPLICATE_METHOD_MATCH = YES;
				COPY_PHASE_STRIP = NO;
				DEBUG_INFORMATION_FORMAT = dwarf;
				ENABLE_STRICT_OBJC_MSGSEND = YES;
				ENABLE_TESTABILITY = YES;
				GCC_C_LANGUAGE_STANDARD = gnu11;
				GCC_DYNAMIC_NO_PIC = NO;
				GCC_NO_COMMON_BLOCKS = YES;
				GCC_OPTIMIZATION_LEVEL = 0;
				GCC_PREPROCESSOR_DEFINITIONS = (
					"DEBUG=1",
					"$(inherited)",
				);
				GCC_WARN_64_TO_32_BIT_CONVERSION = YES;
				GCC_WARN_ABOUT_RETURN_TYPE = YES_ERROR;
				GCC_WARN_UNDECLARED_SELECTOR = YES;
				GCC_WARN_UNINITIALIZED_AUTOS = YES_AGGRESSIVE;
				GCC_WARN_UNUSED_FUNCTION = YES;
				GCC_WARN_UNUSED_VARIABLE = YES;
				IPHONEOS_DEPLOYMENT_TARGET = 14.2;
				MTL_ENABLE_DEBUG_INFO = INCLUDE_SOURCE;
				MTL_FAST_MATH = YES;
				ONLY_ACTIVE_ARCH = YES;
				SDKROOT = iphoneos;
				SWIFT_ACTIVE_COMPILATION_CONDITIONS = DEBUG;
				SWIFT_OPTIMIZATION_LEVEL = "-Onone";
			};
			name = Debug;
		};
		6DBF73032549918D00D36021 /* Release */ = {
			isa = XCBuildConfiguration;
			buildSettings = {
				ALWAYS_SEARCH_USER_PATHS = NO;
				CLANG_ANALYZER_NONNULL = YES;
				CLANG_ANALYZER_NUMBER_OBJECT_CONVERSION = YES_AGGRESSIVE;
				CLANG_CXX_LANGUAGE_STANDARD = "gnu++14";
				CLANG_CXX_LIBRARY = "libc++";
				CLANG_ENABLE_MODULES = YES;
				CLANG_ENABLE_OBJC_ARC = YES;
				CLANG_ENABLE_OBJC_WEAK = YES;
				CLANG_WARN_BLOCK_CAPTURE_AUTORELEASING = YES;
				CLANG_WARN_BOOL_CONVERSION = YES;
				CLANG_WARN_COMMA = YES;
				CLANG_WARN_CONSTANT_CONVERSION = YES;
				CLANG_WARN_DEPRECATED_OBJC_IMPLEMENTATIONS = YES;
				CLANG_WARN_DIRECT_OBJC_ISA_USAGE = YES_ERROR;
				CLANG_WARN_DOCUMENTATION_COMMENTS = YES;
				CLANG_WARN_EMPTY_BODY = YES;
				CLANG_WARN_ENUM_CONVERSION = YES;
				CLANG_WARN_INFINITE_RECURSION = YES;
				CLANG_WARN_INT_CONVERSION = YES;
				CLANG_WARN_NON_LITERAL_NULL_CONVERSION = YES;
				CLANG_WARN_OBJC_IMPLICIT_RETAIN_SELF = YES;
				CLANG_WARN_OBJC_LITERAL_CONVERSION = YES;
				CLANG_WARN_OBJC_ROOT_CLASS = YES_ERROR;
				CLANG_WARN_QUOTED_INCLUDE_IN_FRAMEWORK_HEADER = YES;
				CLANG_WARN_RANGE_LOOP_ANALYSIS = YES;
				CLANG_WARN_STRICT_PROTOTYPES = YES;
				CLANG_WARN_SUSPICIOUS_MOVE = YES;
				CLANG_WARN_UNGUARDED_AVAILABILITY = YES_AGGRESSIVE;
				CLANG_WARN_UNREACHABLE_CODE = YES;
				CLANG_WARN__DUPLICATE_METHOD_MATCH = YES;
				COPY_PHASE_STRIP = NO;
				DEBUG_INFORMATION_FORMAT = "dwarf-with-dsym";
				ENABLE_NS_ASSERTIONS = NO;
				ENABLE_STRICT_OBJC_MSGSEND = YES;
				GCC_C_LANGUAGE_STANDARD = gnu11;
				GCC_NO_COMMON_BLOCKS = YES;
				GCC_WARN_64_TO_32_BIT_CONVERSION = YES;
				GCC_WARN_ABOUT_RETURN_TYPE = YES_ERROR;
				GCC_WARN_UNDECLARED_SELECTOR = YES;
				GCC_WARN_UNINITIALIZED_AUTOS = YES_AGGRESSIVE;
				GCC_WARN_UNUSED_FUNCTION = YES;
				GCC_WARN_UNUSED_VARIABLE = YES;
				IPHONEOS_DEPLOYMENT_TARGET = 14.2;
				MTL_ENABLE_DEBUG_INFO = NO;
				MTL_FAST_MATH = YES;
				SDKROOT = iphoneos;
				SWIFT_COMPILATION_MODE = wholemodule;
				SWIFT_OPTIMIZATION_LEVEL = "-O";
				VALIDATE_PRODUCT = YES;
			};
			name = Release;
		};
		6DBF73052549918D00D36021 /* Debug */ = {
			isa = XCBuildConfiguration;
			buildSettings = {
				ASSETCATALOG_COMPILER_APPICON_NAME = AppIcon;
				ASSETCATALOG_COMPILER_GLOBAL_ACCENT_COLOR_NAME = AccentColor;
				CODE_SIGN_STYLE = Automatic;
				DEVELOPMENT_TEAM = 6Z45424X5D;
				INFOPLIST_FILE = NewOne/Info.plist;
				LD_RUNPATH_SEARCH_PATHS = (
					"$(inherited)",
					"@executable_path/Frameworks",
				);
				PRODUCT_BUNDLE_IDENTIFIER = Stanford.University.NewOne;
				PRODUCT_NAME = "$(TARGET_NAME)";
				SWIFT_VERSION = 5.0;
				TARGETED_DEVICE_FAMILY = "1,2";
			};
			name = Debug;
		};
		6DBF73062549918D00D36021 /* Release */ = {
			isa = XCBuildConfiguration;
			buildSettings = {
				ASSETCATALOG_COMPILER_APPICON_NAME = AppIcon;
				ASSETCATALOG_COMPILER_GLOBAL_ACCENT_COLOR_NAME = AccentColor;
				CODE_SIGN_STYLE = Automatic;
				DEVELOPMENT_TEAM = 6Z45424X5D;
				INFOPLIST_FILE = NewOne/Info.plist;
				LD_RUNPATH_SEARCH_PATHS = (
					"$(inherited)",
					"@executable_path/Frameworks",
				);
				PRODUCT_BUNDLE_IDENTIFIER = Stanford.University.NewOne;
				PRODUCT_NAME = "$(TARGET_NAME)";
				SWIFT_VERSION = 5.0;
				TARGETED_DEVICE_FAMILY = "1,2";
			};
			name = Release;
		};
		6DBF73082549918D00D36021 /* Debug */ = {
			isa = XCBuildConfiguration;
			buildSettings = {
				ALWAYS_EMBED_SWIFT_STANDARD_LIBRARIES = YES;
				BUNDLE_LOADER = "$(TEST_HOST)";
				CODE_SIGN_STYLE = Automatic;
				DEVELOPMENT_TEAM = 6Z45424X5D;
				INFOPLIST_FILE = NewOneTests/Info.plist;
				IPHONEOS_DEPLOYMENT_TARGET = 14.2;
				LD_RUNPATH_SEARCH_PATHS = (
					"$(inherited)",
					"@executable_path/Frameworks",
					"@loader_path/Frameworks",
				);
				PRODUCT_BUNDLE_IDENTIFIER = Stanford.University.NewOneTests;
				PRODUCT_NAME = "$(TARGET_NAME)";
				SWIFT_VERSION = 5.0;
				TARGETED_DEVICE_FAMILY = "1,2";
				TEST_HOST = "$(BUILT_PRODUCTS_DIR)/NewOne.app/NewOne";
			};
			name = Debug;
		};
		6DBF73092549918D00D36021 /* Release */ = {
			isa = XCBuildConfiguration;
			buildSettings = {
				ALWAYS_EMBED_SWIFT_STANDARD_LIBRARIES = YES;
				BUNDLE_LOADER = "$(TEST_HOST)";
				CODE_SIGN_STYLE = Automatic;
				DEVELOPMENT_TEAM = 6Z45424X5D;
				INFOPLIST_FILE = NewOneTests/Info.plist;
				IPHONEOS_DEPLOYMENT_TARGET = 14.2;
				LD_RUNPATH_SEARCH_PATHS = (
					"$(inherited)",
					"@executable_path/Frameworks",
					"@loader_path/Frameworks",
				);
				PRODUCT_BUNDLE_IDENTIFIER = Stanford.University.NewOneTests;
				PRODUCT_NAME = "$(TARGET_NAME)";
				SWIFT_VERSION = 5.0;
				TARGETED_DEVICE_FAMILY = "1,2";
				TEST_HOST = "$(BUILT_PRODUCTS_DIR)/NewOne.app/NewOne";
			};
			name = Release;
		};
		6DBF730B2549918D00D36021 /* Debug */ = {
			isa = XCBuildConfiguration;
			buildSettings = {
				ALWAYS_EMBED_SWIFT_STANDARD_LIBRARIES = YES;
				CODE_SIGN_STYLE = Automatic;
				DEVELOPMENT_TEAM = 6Z45424X5D;
				INFOPLIST_FILE = NewOneUITests/Info.plist;
				LD_RUNPATH_SEARCH_PATHS = (
					"$(inherited)",
					"@executable_path/Frameworks",
					"@loader_path/Frameworks",
				);
				PRODUCT_BUNDLE_IDENTIFIER = Stanford.University.NewOneUITests;
				PRODUCT_NAME = "$(TARGET_NAME)";
				SWIFT_VERSION = 5.0;
				TARGETED_DEVICE_FAMILY = "1,2";
				TEST_TARGET_NAME = NewOne;
			};
			name = Debug;
		};
		6DBF730C2549918D00D36021 /* Release */ = {
			isa = XCBuildConfiguration;
			buildSettings = {
				ALWAYS_EMBED_SWIFT_STANDARD_LIBRARIES = YES;
				CODE_SIGN_STYLE = Automatic;
				DEVELOPMENT_TEAM = 6Z45424X5D;
				INFOPLIST_FILE = NewOneUITests/Info.plist;
				LD_RUNPATH_SEARCH_PATHS = (
					"$(inherited)",
					"@executable_path/Frameworks",
					"@loader_path/Frameworks",
				);
				PRODUCT_BUNDLE_IDENTIFIER = Stanford.University.NewOneUITests;
				PRODUCT_NAME = "$(TARGET_NAME)";
				SWIFT_VERSION = 5.0;
				TARGETED_DEVICE_FAMILY = "1,2";
				TEST_TARGET_NAME = NewOne;
			};
			name = Release;
		};
/* End XCBuildConfiguration section */

/* Begin XCConfigurationList section */
		6DBF72D22549918B00D36021 /* Build configuration list for PBXProject "NewOne" */ = {
			isa = XCConfigurationList;
			buildConfigurations = (
				6DBF73022549918D00D36021 /* Debug */,
				6DBF73032549918D00D36021 /* Release */,
			);
			defaultConfigurationIsVisible = 0;
			defaultConfigurationName = Release;
		};
		6DBF73042549918D00D36021 /* Build configuration list for PBXNativeTarget "NewOne" */ = {
			isa = XCConfigurationList;
			buildConfigurations = (
				6DBF73052549918D00D36021 /* Debug */,
				6DBF73062549918D00D36021 /* Release */,
			);
			defaultConfigurationIsVisible = 0;
			defaultConfigurationName = Release;
		};
		6DBF73072549918D00D36021 /* Build configuration list for PBXNativeTarget "NewOneTests" */ = {
			isa = XCConfigurationList;
			buildConfigurations = (
				6DBF73082549918D00D36021 /* Debug */,
				6DBF73092549918D00D36021 /* Release */,
			);
			defaultConfigurationIsVisible = 0;
			defaultConfigurationName = Release;
		};
		6DBF730A2549918D00D36021 /* Build configuration list for PBXNativeTarget "NewOneUITests" */ = {
			isa = XCConfigurationList;
			buildConfigurations = (
				6DBF730B2549918D00D36021 /* Debug */,
				6DBF730C2549918D00D36021 /* Release */,
			);
			defaultConfigurationIsVisible = 0;
			defaultConfigurationName = Release;
		};
/* End XCConfigurationList section */

/* Begin XCVersionGroup section */
		6DBF72E32549918C00D36021 /* NewOne.xcdatamodeld */ = {
			isa = XCVersionGroup;
			children = (
				6DBF72E42549918C00D36021 /* NewOne.xcdatamodel */,
			);
			currentVersion = 6DBF72E42549918C00D36021 /* NewOne.xcdatamodel */;
			path = NewOne.xcdatamodeld;
			sourceTree = "<group>";
			versionGroupType = wrapper.xcdatamodel;
		};
/* End XCVersionGroup section */
	};
	rootObject = 6DBF72CF2549918B00D36021 /* Project object */;
}
